
Microsoft Visual Studio Solution File, Format Version 12.00
# Visual Studio Version 17
VisualStudioVersion = 17.7.34024.191
MinimumVisualStudioVersion = 10.0.40219.1
Project("{FAE04EC0-301F-11D3-BF4B-00C04F79EFBC}") = "AzureSearchPatchApi", "AzureSearchPatchApi\AzureSearchPatchApi.csproj", "{B406903A-FB91-47F2-8C05-31B249981898}"
EndProject
Global
	GlobalSection(SolutionConfigurationPlatforms) = preSolution
		Debug|Any CPU = Debug|Any CPU
		Release|Any CPU = Release|Any CPU
	EndGlobalSection
	GlobalSection(ProjectConfigurationPlatforms) = postSolution
		{B406903A-FB91-47F2-8C05-31B249981898}.Debug|Any CPU.ActiveCfg = Debug|Any CPU
		{B406903A-FB91-47F2-8C05-31B249981898}.Debug|Any CPU.Build.0 = Debug|Any CPU
		{B406903A-FB91-47F2-8C05-31B249981898}.Release|Any CPU.ActiveCfg = Release|Any CPU
		{B406903A-FB91-47F2-8C05-31B249981898}.Release|Any CPU.Build.0 = Release|Any CPU
	EndGlobalSection
	GlobalSection(SolutionProperties) = preSolution
		HideSolutionNode = FALSE
	EndGlobalSection
	GlobalSection(ExtensibilityGlobals) = postSolution
		SolutionGuid = {6D4A40AE-19A4-413A-B940-DD4B32436886}
	EndGlobalSection
EndGlobal
